
Microsoft Visual Studio Solution File, Format Version 12.00
# Visual Studio Version 17
VisualStudioVersion = 17.9.34728.123
MinimumVisualStudioVersion = 10.0.40219.1
Project("{FAE04EC0-301F-11D3-BF4B-00C04F79EFBC}") = "PPilhaDinaimica", "PPilhaDinaimica\PPilhaDinaimica.csproj", "{47592D8D-7AB9-4A1C-AC5F-AEE8B8C88FBF}"
EndProject
Global
	GlobalSection(SolutionConfigurationPlatforms) = preSolution
		Debug|Any CPU = Debug|Any CPU
		Release|Any CPU = Release|Any CPU
	EndGlobalSection
	GlobalSection(ProjectConfigurationPlatforms) = postSolution
		{47592D8D-7AB9-4A1C-AC5F-AEE8B8C88FBF}.Debug|Any CPU.ActiveCfg = Debug|Any CPU
		{47592D8D-7AB9-4A1C-AC5F-AEE8B8C88FBF}.Debug|Any CPU.Build.0 = Debug|Any CPU
		{47592D8D-7AB9-4A1C-AC5F-AEE8B8C88FBF}.Release|Any CPU.ActiveCfg = Release|Any CPU
		{47592D8D-7AB9-4A1C-AC5F-AEE8B8C88FBF}.Release|Any CPU.Build.0 = Release|Any CPU
	EndGlobalSection
	GlobalSection(SolutionProperties) = preSolution
		HideSolutionNode = FALSE
	EndGlobalSection
	GlobalSection(ExtensibilityGlobals) = postSolution
		SolutionGuid = {3FD12111-DE81-40A5-BB75-8EC1A0B8BF3D}
	EndGlobalSection
EndGlobal
